<?xml version="1.0" encoding="utf-8"?>
<Project ToolsVersion="4.0" xmlns="http://schemas.microsoft.com/developer/msbuild/2003">
  <ItemGroup>
    <Filter Include="Source Files">
      <UniqueIdentifier>{4FC737F1-C7A5-4376-A066-2A32D752A2FF}</UniqueIdentifier>
      <Extensions>cpp;c;cc;cxx;def;odl;idl;hpj;bat;asm;asmx</Extensions>
    </Filter>
    <Filter Include="Header Files">
      <UniqueIdentifier>{93995380-89BD-4b04-88EB-625FBE52EBFB}</UniqueIdentifier>
      <Extensions>h;hh;hpp;hxx;hm;inl;inc;ipp;xsd</Extensions>
    </Filter>
    <Filter Include="Resource Files">
      <UniqueIdentifier>{67DA6AB6-F800-4c08-8B7A-83BB121AAD01}</UniqueIdentifier>
      <Extensions>rc;ico;cur;bmp;dlg;rc2;rct;bin;rgs;gif;jpg;jpeg;jpe;resx;tiff;tif;png;wav;mfcribbon-ms</Extensions>
    </Filter>
    <Filter Include="Resource Files\shaders">
      <UniqueIdentifier>{7b5ab6bd-d1f6-41ec-8945-37b623b5db4a}</UniqueIdentifier>
    </Filter>
    <Filter Include="Source Files\renderer">
      <UniqueIdentifier>{7972aa3f-8164-4550-ab88-aaffd127fbe6}</UniqueIdentifier>
    </Filter>
    <Filter Include="Source Files\engine">
      <UniqueIdentifier>{5abdb5e4-6dc6-4efb-9a70-0976000335f6}</UniqueIdentifier>
    </Filter>
    <Filter Include="Source Files\essentials">
      <UniqueIdentifier>{3219485d-6e10-46c1-9d0e-764c4089cb2c}</UniqueIdentifier>
    </Filter>
    <Filter Include="Source Files\resourceManager">
      <UniqueIdentifier>{719caadc-f318-4a34-908b-50822c380484}</UniqueIdentifier>
    </Filter>
    <Filter Include="Header Files\engine">
      <UniqueIdentifier>{94b2de08-cace-4b9a-b426-e73576fae3b7}</UniqueIdentifier>
    </Filter>
    <Filter Include="Header Files\essentails">
      <UniqueIdentifier>{a60a0351-20c8-49f2-89b9-ec94c9b60449}</UniqueIdentifier>
    </Filter>
    <Filter Include="Header Files\renderer">
      <UniqueIdentifier>{c8ba5a2a-edef-42a6-98d7-8208d58588d4}</UniqueIdentifier>
    </Filter>
    <Filter Include="Header Files\resourceManager">
      <UniqueIdentifier>{79a01e53-37b3-4538-9ec1-e36c76f21ce2}</UniqueIdentifier>
    </Filter>
    <Filter Include="Header Files\opengl_objects">
      <UniqueIdentifier>{e2460abe-c0eb-43d9-a35e-bd3d047f5542}</UniqueIdentifier>
    </Filter>
    <Filter Include="Source Files\opengl_objects">
      <UniqueIdentifier>{f14a2431-40b7-498f-8ebe-9fc94cafa233}</UniqueIdentifier>
    </Filter>
    <Filter Include="Source Files\generators">
      <UniqueIdentifier>{3d811cd8-faaa-4891-a56b-c88751030654}</UniqueIdentifier>
    </Filter>
    <Filter Include="Header Files\generators">
      <UniqueIdentifier>{da0282c9-10a5-4a44-b8b5-b5d626c21853}</UniqueIdentifier>
    </Filter>
    <Filter Include="Header Files\script">
      <UniqueIdentifier>{c907352f-3c71-4ba9-8f73-2d87a4c87cc4}</UniqueIdentifier>
    </Filter>
    <Filter Include="Source Files\script">
      <UniqueIdentifier>{e64bbd86-437c-4be0-a7dc-08fb39e6dd92}</UniqueIdentifier>
    </Filter>
    <Filter Include="Resource Files\scripts">
      <UniqueIdentifier>{41d2fe33-5c87-4f95-aefe-67ce84401399}</UniqueIdentifier>
    </Filter>
  </ItemGroup>
  <ItemGroup>
    <ClCompile Include="engine.cpp">
      <Filter>Source Files\engine</Filter>
    </ClCompile>
    <ClCompile Include="basicmodelrenderer.cpp">
      <Filter>Source Files\renderer</Filter>
    </ClCompile>
    <ClCompile Include="main.cpp">
      <Filter>Source Files\engine</Filter>
    </ClCompile>
    <ClCompile Include="masterrenderer.cpp">
      <Filter>Source Files\renderer</Filter>
    </ClCompile>
    <ClCompile Include="shader.cpp">
      <Filter>Source Files\renderer</Filter>
    </ClCompile>
    <ClCompile Include="shadermanager.cpp">
      <Filter>Source Files\renderer</Filter>
    </ClCompile>
    <ClCompile Include="input.cpp">
      <Filter>Source Files\essentials</Filter>
    </ClCompile>
    <ClCompile Include="display.cpp">
      <Filter>Source Files\essentials</Filter>
    </ClCompile>
    <ClCompile Include="cameramaster.cpp">
      <Filter>Source Files\essentials</Filter>
    </ClCompile>
    <ClCompile Include="basicloader.cpp">
      <Filter>Source Files\resourceManager</Filter>
    </ClCompile>
    <ClCompile Include="assetmanager.cpp">
      <Filter>Source Files\resourceManager</Filter>
    </ClCompile>
    <ClCompile Include="scene.cpp">
      <Filter>Source Files\resourceManager</Filter>
    </ClCompile>
    <ClCompile Include="scenemanager.cpp">
      <Filter>Source Files\resourceManager</Filter>
    </ClCompile>
    <ClCompile Include="stb_image.cpp">
      <Filter>Source Files\resourceManager</Filter>
    </ClCompile>
    <ClCompile Include="vertexbuffer.cpp">
      <Filter>Source Files\opengl_objects</Filter>
    </ClCompile>
    <ClCompile Include="vertexarray.cpp">
      <Filter>Source Files\opengl_objects</Filter>
    </ClCompile>
    <ClCompile Include="indexbuffer.cpp">
      <Filter>Source Files\opengl_objects</Filter>
    </ClCompile>
    <ClCompile Include="texture.cpp">
      <Filter>Source Files\opengl_objects</Filter>
    </ClCompile>
    <ClCompile Include="..\..\..\..\..\..\..\dev\GLAD\src\glad.c">
      <Filter>Source Files\engine</Filter>
    </ClCompile>
    <ClCompile Include="openglresources.cpp">
      <Filter>Source Files\opengl_objects</Filter>
    </ClCompile>
    <ClCompile Include="terraingenerator.cpp">
      <Filter>Source Files\generators</Filter>
    </ClCompile>
    <ClCompile Include="terrainrenderer.cpp">
      <Filter>Source Files\renderer</Filter>
    </ClCompile>
    <ClCompile Include="directionallightgenerator.cpp">
      <Filter>Source Files\generators</Filter>
    </ClCompile>
    <ClCompile Include="antialiasing.cpp">
      <Filter>Source Files\renderer</Filter>
    </ClCompile>
    <ClCompile Include="heightsgenerator.cpp">
      <Filter>Source Files\generators</Filter>
    </ClCompile>
    <ClCompile Include="perlinnoise.cpp">
      <Filter>Source Files\generators</Filter>
    </ClCompile>
    <ClCompile Include="watergenerator.cpp">
      <Filter>Source Files\generators</Filter>
    </ClCompile>
    <ClCompile Include="waterfbos.cpp">
      <Filter>Source Files\renderer</Filter>
    </ClCompile>
    <ClCompile Include="waterrenderer.cpp">
      <Filter>Source Files\renderer</Filter>
    </ClCompile>
    <ClCompile Include="camera.cpp">
      <Filter>Source Files\essentials</Filter>
    </ClCompile>
    <ClCompile Include="heightmaploader.cpp">
      <Filter>Source Files\generators</Filter>
    </ClCompile>
    <ClCompile Include="lualoader.cpp">
      <Filter>Source Files\script</Filter>
    </ClCompile>
    <ClCompile Include="skyboxloader.cpp">
      <Filter>Source Files\resourceManager</Filter>
    </ClCompile>
    <ClCompile Include="skyboxrenderer.cpp">
      <Filter>Source Files\renderer</Filter>
    </ClCompile>
    <ClCompile Include="grassgenerator.cpp">
      <Filter>Source Files\generators</Filter>
    </ClCompile>
    <ClCompile Include="rendereressentials.cpp">
      <Filter>Source Files\renderer</Filter>
    </ClCompile>
    <ClCompile Include="grassrenderer.cpp">
      <Filter>Source Files\renderer</Filter>
    </ClCompile>
  </ItemGroup>
  <ItemGroup>
    <ClInclude Include="assetmanager.h">
      <Filter>Header Files\resourceManager</Filter>
    </ClInclude>
    <ClInclude Include="basicloader.h">
      <Filter>Header Files\resourceManager</Filter>
    </ClInclude>
    <ClInclude Include="scene.h">
      <Filter>Header Files\resourceManager</Filter>
    </ClInclude>
    <ClInclude Include="scenemanager.h">
      <Filter>Header Files\resourceManager</Filter>
    </ClInclude>
    <ClInclude Include="shader.h">
      <Filter>Header Files\renderer</Filter>
    </ClInclude>
    <ClInclude Include="basicmodelrenderer.h">
      <Filter>Header Files\renderer</Filter>
    </ClInclude>
    <ClInclude Include="camera.h">
      <Filter>Header Files\essentails</Filter>
    </ClInclude>
    <ClInclude Include="cameramaster.h">
      <Filter>Header Files\essentails</Filter>
    </ClInclude>
    <ClInclude Include="display.h">
      <Filter>Header Files\essentails</Filter>
    </ClInclude>
    <ClInclude Include="engine.h">
      <Filter>Header Files\engine</Filter>
    </ClInclude>
    <ClInclude Include="input.h">
      <Filter>Header Files\essentails</Filter>
    </ClInclude>
    <ClInclude Include="masterrenderer.h">
      <Filter>Header Files\renderer</Filter>
    </ClInclude>
    <ClInclude Include="shadermanager.h">
      <Filter>Header Files\renderer</Filter>
    </ClInclude>
    <ClInclude Include="stb_image.h">
      <Filter>Header Files\resourceManager</Filter>
    </ClInclude>
    <ClInclude Include="vertexarray.h">
      <Filter>Header Files\opengl_objects</Filter>
    </ClInclude>
    <ClInclude Include="vertexbuffer.h">
      <Filter>Header Files\opengl_objects</Filter>
    </ClInclude>
    <ClInclude Include="indexbuffer.h">
      <Filter>Header Files\opengl_objects</Filter>
    </ClInclude>
    <ClInclude Include="texture.h">
      <Filter>Header Files\opengl_objects</Filter>
    </ClInclude>
    <ClInclude Include="openglresources.h">
      <Filter>Header Files\opengl_objects</Filter>
    </ClInclude>
    <ClInclude Include="terraingenerator.h">
      <Filter>Header Files\generators</Filter>
    </ClInclude>
    <ClInclude Include="terrainrenderer.h">
      <Filter>Header Files\renderer</Filter>
    </ClInclude>
    <ClInclude Include="directionallightgenerator.h">
      <Filter>Header Files\generators</Filter>
    </ClInclude>
    <ClInclude Include="antialiasing.h">
      <Filter>Header Files\renderer</Filter>
    </ClInclude>
    <ClInclude Include="heightsgenerator.h">
      <Filter>Header Files\generators</Filter>
    </ClInclude>
    <ClInclude Include="perlinnoise.h">
      <Filter>Header Files\generators</Filter>
    </ClInclude>
    <ClInclude Include="watergenerator.h">
      <Filter>Header Files\generators</Filter>
    </ClInclude>
    <ClInclude Include="waterfbos.h">
      <Filter>Header Files\renderer</Filter>
    </ClInclude>
    <ClInclude Include="waterrenderer.h">
      <Filter>Header Files\renderer</Filter>
    </ClInclude>
    <ClInclude Include="heightmaploader.h">
      <Filter>Header Files\generators</Filter>
    </ClInclude>
    <ClInclude Include="lualoader.h">
      <Filter>Header Files\script</Filter>
    </ClInclude>
    <ClInclude Include="skyboxloader.h">
      <Filter>Header Files\resourceManager</Filter>
    </ClInclude>
    <ClInclude Include="skyboxrenderer.h">
      <Filter>Header Files\renderer</Filter>
    </ClInclude>
    <ClInclude Include="grassgenerator.h">
      <Filter>Header Files\generators</Filter>
    </ClInclude>
    <ClInclude Include="rendereressentials.h">
      <Filter>Header Files\renderer</Filter>
    </ClInclude>
    <ClInclude Include="grassrenderer.h">
      <Filter>Header Files\renderer</Filter>
    </ClInclude>
  </ItemGroup>
  <ItemGroup>
    <None Include="res\shaders\basic.glsl">
      <Filter>Resource Files\shaders</Filter>
    </None>
    <None Include="res\shaders\terrain.glsl">
      <Filter>Resource Files\shaders</Filter>
    </None>
    <None Include="res\shaders\fboQuad.glsl">
      <Filter>Resource Files\shaders</Filter>
    </None>
    <None Include="res\shaders\water.glsl">
      <Filter>Resource Files\shaders</Filter>
    </None>
    <None Include="res\scripts\scenescript.lua">
      <Filter>Resource Files\scripts</Filter>
    </None>
    <None Include="res\shaders\skybox.glsl">
      <Filter>Resource Files\shaders</Filter>
    </None>
    <None Include="res\shaders\grass.glsl">
      <Filter>Resource Files\shaders</Filter>
    </None>
  </ItemGroup>
</Project>